// !$*UTF8*$!
{
	archiveVersion = 1;
	classes = {
	};
	objectVersion = 52;
	objects = {

/* Begin PBXBuildFile section */
		140E532124359049007936B7 /* NewProductionModalView.swift in Sources */ = {isa = PBXBuildFile; fileRef = 140E532024359049007936B7 /* NewProductionModalView.swift */; };
		147C94B32435556B001B6968 /* ProductionListView.swift in Sources */ = {isa = PBXBuildFile; fileRef = 147C94B22435556B001B6968 /* ProductionListView.swift */; };
		147C94B52435556F001B6968 /* Assets.xcassets in Resources */ = {isa = PBXBuildFile; fileRef = 147C94B42435556F001B6968 /* Assets.xcassets */; };
		147C94B82435556F001B6968 /* Preview Assets.xcassets in Resources */ = {isa = PBXBuildFile; fileRef = 147C94B72435556F001B6968 /* Preview Assets.xcassets */; };
		147C94C62435556F001B6968 /* ProsperoTests.swift in Sources */ = {isa = PBXBuildFile; fileRef = 147C94C52435556F001B6968 /* ProsperoTests.swift */; };
		147C94D12435556F001B6968 /* ProsperoUITests.swift in Sources */ = {isa = PBXBuildFile; fileRef = 147C94D02435556F001B6968 /* ProsperoUITests.swift */; };
		147C94E724355C75001B6968 /* ProductionView.swift in Sources */ = {isa = PBXBuildFile; fileRef = 147C94E624355C75001B6968 /* ProductionView.swift */; };
		14F13CF72435D08C00304366 /* .swiftlint.yml in Resources */ = {isa = PBXBuildFile; fileRef = 14F13CF62435D08C00304366 /* .swiftlint.yml */; };
		920D7DB02684F6B800DDB56E /* TwoFactorView.swift in Sources */ = {isa = PBXBuildFile; fileRef = 920D7DAF2684F6B800DDB56E /* TwoFactorView.swift */; };
		9230311F276A912C00232FC4 /* TimeInterval+converted.swift in Sources */ = {isa = PBXBuildFile; fileRef = 9230311E276A912C00232FC4 /* TimeInterval+converted.swift */; };
		923AE4F02545D2BD00AFDB01 /* String+isValidEmailAddress.swift in Sources */ = {isa = PBXBuildFile; fileRef = 923AE4EF2545D2BD00AFDB01 /* String+isValidEmailAddress.swift */; };
		923DB8762544FDA0009FB5E0 /* CodeField.swift in Sources */ = {isa = PBXBuildFile; fileRef = 923DB8752544FDA0009FB5E0 /* CodeField.swift */; };
		923DB87E2544FE57009FB5E0 /* Models.swift in Sources */ = {isa = PBXBuildFile; fileRef = 923DB87D2544FE57009FB5E0 /* Models.swift */; };
		923DB8862544FEE9009FB5E0 /* MockServer.swift in Sources */ = {isa = PBXBuildFile; fileRef = 923DB8852544FEE9009FB5E0 /* MockServer.swift */; };
		923DB8972545029E009FB5E0 /* ProsperoApp.swift in Sources */ = {isa = PBXBuildFile; fileRef = 923DB8962545029E009FB5E0 /* ProsperoApp.swift */; };
		923DB89C254502C3009FB5E0 /* OnboardingView.swift in Sources */ = {isa = PBXBuildFile; fileRef = 923DB89B254502C3009FB5E0 /* OnboardingView.swift */; };
		923DB8A1254502D8009FB5E0 /* ProductionCodeEntryView.swift in Sources */ = {isa = PBXBuildFile; fileRef = 923DB8A0254502D8009FB5E0 /* ProductionCodeEntryView.swift */; };
		923DB8A6254502FD009FB5E0 /* MemberConfirmationView.swift in Sources */ = {isa = PBXBuildFile; fileRef = 923DB8A5254502FD009FB5E0 /* MemberConfirmationView.swift */; };
		923DB8AC2545031B009FB5E0 /* Shake.swift in Sources */ = {isa = PBXBuildFile; fileRef = 923DB8AB2545031B009FB5E0 /* Shake.swift */; };
		923DB8B5254505ED009FB5E0 /* AnyTransition+horizontalProgression.swift in Sources */ = {isa = PBXBuildFile; fileRef = 923DB8B4254505ED009FB5E0 /* AnyTransition+horizontalProgression.swift */; };
		923DB8C025450A50009FB5E0 /* RootView.swift in Sources */ = {isa = PBXBuildFile; fileRef = 923DB8BF25450A50009FB5E0 /* RootView.swift */; };
		923DB8C525450B08009FB5E0 /* AppConfiguration.swift in Sources */ = {isa = PBXBuildFile; fileRef = 923DB8C425450B08009FB5E0 /* AppConfiguration.swift */; };
		923DB8D6254529D4009FB5E0 /* NotBindingPrefix.swift in Sources */ = {isa = PBXBuildFile; fileRef = 923DB8D5254529D4009FB5E0 /* NotBindingPrefix.swift */; };
		925248452672C94E00E2AD00 /* Task+sleep.swift in Sources */ = {isa = PBXBuildFile; fileRef = 925248442672C94E00E2AD00 /* Task+sleep.swift */; };
		925EE003268622E10079750F /* ProsperoNotificationCenterDelegate.swift in Sources */ = {isa = PBXBuildFile; fileRef = 925EE002268622E10079750F /* ProsperoNotificationCenterDelegate.swift */; };
		925EE00526865D370079750F /* AddProductionView.swift in Sources */ = {isa = PBXBuildFile; fileRef = 925EE00426865D370079750F /* AddProductionView.swift */; };
		929E6D552673FD8700AF1A3F /* PhoneNumberKit in Frameworks */ = {isa = PBXBuildFile; productRef = 929E6D542673FD8700AF1A3F /* PhoneNumberKit */; };
		92AB88D12689FFB3007FB9BA /* View+neverTruncated().swift in Sources */ = {isa = PBXBuildFile; fileRef = 92AB88D02689FFB3007FB9BA /* View+neverTruncated().swift */; };
		92AB88D3268A0079007FB9BA /* String+nonBreaking.swift in Sources */ = {isa = PBXBuildFile; fileRef = 92AB88D2268A0079007FB9BA /* String+nonBreaking.swift */; };
/* End PBXBuildFile section */

/* Begin PBXContainerItemProxy section */
		147C94C22435556F001B6968 /* PBXContainerItemProxy */ = {
			isa = PBXContainerItemProxy;
			containerPortal = 147C94A32435556B001B6968 /* Project object */;
			proxyType = 1;
			remoteGlobalIDString = 147C94AA2435556B001B6968;
			remoteInfo = Prospero;
		};
		147C94CD2435556F001B6968 /* PBXContainerItemProxy */ = {
			isa = PBXContainerItemProxy;
			containerPortal = 147C94A32435556B001B6968 /* Project object */;
			proxyType = 1;
			remoteGlobalIDString = 147C94AA2435556B001B6968;
			remoteInfo = Prospero;
		};
/* End PBXContainerItemProxy section */

/* Begin PBXFileReference section */
		140E532024359049007936B7 /* NewProductionModalView.swift */ = {isa = PBXFileReference; lastKnownFileType = sourcecode.swift; path = NewProductionModalView.swift; sourceTree = "<group>"; };
		147C94AB2435556B001B6968 /* Prospero.app */ = {isa = PBXFileReference; explicitFileType = wrapper.application; includeInIndex = 0; path = Prospero.app; sourceTree = BUILT_PRODUCTS_DIR; };
		147C94B22435556B001B6968 /* ProductionListView.swift */ = {isa = PBXFileReference; lastKnownFileType = sourcecode.swift; path = ProductionListView.swift; sourceTree = "<group>"; };
		147C94B42435556F001B6968 /* Assets.xcassets */ = {isa = PBXFileReference; lastKnownFileType = folder.assetcatalog; path = Assets.xcassets; sourceTree = "<group>"; };
		147C94B72435556F001B6968 /* Preview Assets.xcassets */ = {isa = PBXFileReference; lastKnownFileType = folder.assetcatalog; path = "Preview Assets.xcassets"; sourceTree = "<group>"; };
		147C94BC2435556F001B6968 /* Info.plist */ = {isa = PBXFileReference; lastKnownFileType = text.plist.xml; path = Info.plist; sourceTree = "<group>"; };
		147C94C12435556F001B6968 /* ProsperoTests.xctest */ = {isa = PBXFileReference; explicitFileType = wrapper.cfbundle; includeInIndex = 0; path = ProsperoTests.xctest; sourceTree = BUILT_PRODUCTS_DIR; };
		147C94C52435556F001B6968 /* ProsperoTests.swift */ = {isa = PBXFileReference; lastKnownFileType = sourcecode.swift; path = ProsperoTests.swift; sourceTree = "<group>"; };
		147C94C72435556F001B6968 /* Info.plist */ = {isa = PBXFileReference; lastKnownFileType = text.plist.xml; path = Info.plist; sourceTree = "<group>"; };
		147C94CC2435556F001B6968 /* ProsperoUITests.xctest */ = {isa = PBXFileReference; explicitFileType = wrapper.cfbundle; includeInIndex = 0; path = ProsperoUITests.xctest; sourceTree = BUILT_PRODUCTS_DIR; };
		147C94D02435556F001B6968 /* ProsperoUITests.swift */ = {isa = PBXFileReference; lastKnownFileType = sourcecode.swift; path = ProsperoUITests.swift; sourceTree = "<group>"; };
		147C94D22435556F001B6968 /* Info.plist */ = {isa = PBXFileReference; lastKnownFileType = text.plist.xml; path = Info.plist; sourceTree = "<group>"; };
		147C94E624355C75001B6968 /* ProductionView.swift */ = {isa = PBXFileReference; lastKnownFileType = sourcecode.swift; path = ProductionView.swift; sourceTree = "<group>"; };
		14F13CF62435D08C00304366 /* .swiftlint.yml */ = {isa = PBXFileReference; lastKnownFileType = text.yaml; path = .swiftlint.yml; sourceTree = "<group>"; };
		920D7DAF2684F6B800DDB56E /* TwoFactorView.swift */ = {isa = PBXFileReference; lastKnownFileType = sourcecode.swift; path = TwoFactorView.swift; sourceTree = "<group>"; };
		9230311E276A912C00232FC4 /* TimeInterval+converted.swift */ = {isa = PBXFileReference; lastKnownFileType = sourcecode.swift; path = "TimeInterval+converted.swift"; sourceTree = "<group>"; };
		923AE4EF2545D2BD00AFDB01 /* String+isValidEmailAddress.swift */ = {isa = PBXFileReference; lastKnownFileType = sourcecode.swift; path = "String+isValidEmailAddress.swift"; sourceTree = "<group>"; };
		923DB8752544FDA0009FB5E0 /* CodeField.swift */ = {isa = PBXFileReference; lastKnownFileType = sourcecode.swift; path = CodeField.swift; sourceTree = "<group>"; };
		923DB87D2544FE57009FB5E0 /* Models.swift */ = {isa = PBXFileReference; lastKnownFileType = sourcecode.swift; path = Models.swift; sourceTree = "<group>"; };
		923DB8852544FEE9009FB5E0 /* MockServer.swift */ = {isa = PBXFileReference; lastKnownFileType = sourcecode.swift; path = MockServer.swift; sourceTree = "<group>"; };
		923DB8962545029E009FB5E0 /* ProsperoApp.swift */ = {isa = PBXFileReference; lastKnownFileType = sourcecode.swift; path = ProsperoApp.swift; sourceTree = "<group>"; };
		923DB89B254502C3009FB5E0 /* OnboardingView.swift */ = {isa = PBXFileReference; lastKnownFileType = sourcecode.swift; path = OnboardingView.swift; sourceTree = "<group>"; };
		923DB8A0254502D8009FB5E0 /* ProductionCodeEntryView.swift */ = {isa = PBXFileReference; lastKnownFileType = sourcecode.swift; path = ProductionCodeEntryView.swift; sourceTree = "<group>"; };
		923DB8A5254502FD009FB5E0 /* MemberConfirmationView.swift */ = {isa = PBXFileReference; lastKnownFileType = sourcecode.swift; path = MemberConfirmationView.swift; sourceTree = "<group>"; };
		923DB8AB2545031B009FB5E0 /* Shake.swift */ = {isa = PBXFileReference; lastKnownFileType = sourcecode.swift; path = Shake.swift; sourceTree = "<group>"; };
		923DB8B4254505ED009FB5E0 /* AnyTransition+horizontalProgression.swift */ = {isa = PBXFileReference; lastKnownFileType = sourcecode.swift; path = "AnyTransition+horizontalProgression.swift"; sourceTree = "<group>"; };
		923DB8BF25450A50009FB5E0 /* RootView.swift */ = {isa = PBXFileReference; lastKnownFileType = sourcecode.swift; path = RootView.swift; sourceTree = "<group>"; };
		923DB8C425450B08009FB5E0 /* AppConfiguration.swift */ = {isa = PBXFileReference; lastKnownFileType = sourcecode.swift; path = AppConfiguration.swift; sourceTree = "<group>"; };
		923DB8D5254529D4009FB5E0 /* NotBindingPrefix.swift */ = {isa = PBXFileReference; lastKnownFileType = sourcecode.swift; path = NotBindingPrefix.swift; sourceTree = "<group>"; };
		925248442672C94E00E2AD00 /* Task+sleep.swift */ = {isa = PBXFileReference; lastKnownFileType = sourcecode.swift; path = "Task+sleep.swift"; sourceTree = "<group>"; };
		925EE002268622E10079750F /* ProsperoNotificationCenterDelegate.swift */ = {isa = PBXFileReference; lastKnownFileType = sourcecode.swift; path = ProsperoNotificationCenterDelegate.swift; sourceTree = "<group>"; };
		925EE00426865D370079750F /* AddProductionView.swift */ = {isa = PBXFileReference; lastKnownFileType = sourcecode.swift; path = AddProductionView.swift; sourceTree = "<group>"; };
		92AB88D02689FFB3007FB9BA /* View+neverTruncated().swift */ = {isa = PBXFileReference; lastKnownFileType = sourcecode.swift; path = "View+neverTruncated().swift"; sourceTree = "<group>"; };
		92AB88D2268A0079007FB9BA /* String+nonBreaking.swift */ = {isa = PBXFileReference; lastKnownFileType = sourcecode.swift; path = "String+nonBreaking.swift"; sourceTree = "<group>"; };
/* End PBXFileReference section */

/* Begin PBXFrameworksBuildPhase section */
		147C94A82435556B001B6968 /* Frameworks */ = {
			isa = PBXFrameworksBuildPhase;
			buildActionMask = 2147483647;
			files = (
				929E6D552673FD8700AF1A3F /* PhoneNumberKit in Frameworks */,
			);
			runOnlyForDeploymentPostprocessing = 0;
		};
		147C94BE2435556F001B6968 /* Frameworks */ = {
			isa = PBXFrameworksBuildPhase;
			buildActionMask = 2147483647;
			files = (
			);
			runOnlyForDeploymentPostprocessing = 0;
		};
		147C94C92435556F001B6968 /* Frameworks */ = {
			isa = PBXFrameworksBuildPhase;
			buildActionMask = 2147483647;
			files = (
			);
			runOnlyForDeploymentPostprocessing = 0;
		};
/* End PBXFrameworksBuildPhase section */

/* Begin PBXGroup section */
		140E53272435AEEF007936B7 /* Mockup */ = {
			isa = PBXGroup;
			children = (
				923DB8852544FEE9009FB5E0 /* MockServer.swift */,
			);
			path = Mockup;
			sourceTree = "<group>";
		};
		147C94A22435556B001B6968 = {
			isa = PBXGroup;
			children = (
				14F13CF62435D08C00304366 /* .swiftlint.yml */,
				147C94AD2435556B001B6968 /* Prospero */,
				147C94C42435556F001B6968 /* ProsperoTests */,
				147C94CF2435556F001B6968 /* ProsperoUITests */,
				147C94AC2435556B001B6968 /* Products */,
			);
			sourceTree = "<group>";
		};
		147C94AC2435556B001B6968 /* Products */ = {
			isa = PBXGroup;
			children = (
				147C94AB2435556B001B6968 /* Prospero.app */,
				147C94C12435556F001B6968 /* ProsperoTests.xctest */,
				147C94CC2435556F001B6968 /* ProsperoUITests.xctest */,
			);
			name = Products;
			sourceTree = "<group>";
		};
		147C94AD2435556B001B6968 /* Prospero */ = {
			isa = PBXGroup;
			children = (
				923DB8962545029E009FB5E0 /* ProsperoApp.swift */,
				923DB8B3254505CB009FB5E0 /* Extensions */,
				147C94E524355C60001B6968 /* Views */,
				140E53272435AEEF007936B7 /* Mockup */,
				147C94DE2435563A001B6968 /* Models */,
				923DB8AA25450310009FB5E0 /* Util */,
				147C94B42435556F001B6968 /* Assets.xcassets */,
				147C94BC2435556F001B6968 /* Info.plist */,
				147C94B62435556F001B6968 /* Preview Content */,
			);
			path = Prospero;
			sourceTree = "<group>";
		};
		147C94B62435556F001B6968 /* Preview Content */ = {
			isa = PBXGroup;
			children = (
				147C94B72435556F001B6968 /* Preview Assets.xcassets */,
			);
			path = "Preview Content";
			sourceTree = "<group>";
		};
		147C94C42435556F001B6968 /* ProsperoTests */ = {
			isa = PBXGroup;
			children = (
				147C94C52435556F001B6968 /* ProsperoTests.swift */,
				147C94C72435556F001B6968 /* Info.plist */,
			);
			path = ProsperoTests;
			sourceTree = "<group>";
		};
		147C94CF2435556F001B6968 /* ProsperoUITests */ = {
			isa = PBXGroup;
			children = (
				147C94D02435556F001B6968 /* ProsperoUITests.swift */,
				147C94D22435556F001B6968 /* Info.plist */,
			);
			path = ProsperoUITests;
			sourceTree = "<group>";
		};
		147C94DE2435563A001B6968 /* Models */ = {
			isa = PBXGroup;
			children = (
				923DB8C425450B08009FB5E0 /* AppConfiguration.swift */,
				923DB87D2544FE57009FB5E0 /* Models.swift */,
			);
			path = Models;
			sourceTree = "<group>";
		};
		147C94E524355C60001B6968 /* Views */ = {
			isa = PBXGroup;
			children = (
				140E532024359049007936B7 /* NewProductionModalView.swift */,
				923DB8752544FDA0009FB5E0 /* CodeField.swift */,
				923DB8A5254502FD009FB5E0 /* MemberConfirmationView.swift */,
				920D7DAF2684F6B800DDB56E /* TwoFactorView.swift */,
				923DB89B254502C3009FB5E0 /* OnboardingView.swift */,
				923DB8A0254502D8009FB5E0 /* ProductionCodeEntryView.swift */,
				147C94B22435556B001B6968 /* ProductionListView.swift */,
				147C94E624355C75001B6968 /* ProductionView.swift */,
				923DB8BF25450A50009FB5E0 /* RootView.swift */,
				925EE00426865D370079750F /* AddProductionView.swift */,
			);
			path = Views;
			sourceTree = "<group>";
		};
		923DB8AA25450310009FB5E0 /* Util */ = {
			isa = PBXGroup;
			children = (
				923DB8AB2545031B009FB5E0 /* Shake.swift */,
				923DB8D5254529D4009FB5E0 /* NotBindingPrefix.swift */,
				925EE002268622E10079750F /* ProsperoNotificationCenterDelegate.swift */,
			);
			path = Util;
			sourceTree = "<group>";
		};
		923DB8B3254505CB009FB5E0 /* Extensions */ = {
			isa = PBXGroup;
			children = (
				923DB8B4254505ED009FB5E0 /* AnyTransition+horizontalProgression.swift */,
				923AE4EF2545D2BD00AFDB01 /* String+isValidEmailAddress.swift */,
				925248442672C94E00E2AD00 /* Task+sleep.swift */,
				92AB88D02689FFB3007FB9BA /* View+neverTruncated().swift */,
				92AB88D2268A0079007FB9BA /* String+nonBreaking.swift */,
				9230311E276A912C00232FC4 /* TimeInterval+converted.swift */,
			);
			path = Extensions;
			sourceTree = "<group>";
		};
/* End PBXGroup section */

/* Begin PBXNativeTarget section */
		147C94AA2435556B001B6968 /* Prospero */ = {
			isa = PBXNativeTarget;
			buildConfigurationList = 147C94D52435556F001B6968 /* Build configuration list for PBXNativeTarget "Prospero" */;
			buildPhases = (
				147C94A72435556B001B6968 /* Sources */,
				147C94A82435556B001B6968 /* Frameworks */,
				147C94A92435556B001B6968 /* Resources */,
				14F13CF52435CF1800304366 /* Lint */,
			);
			buildRules = (
			);
			dependencies = (
			);
			name = Prospero;
			packageProductDependencies = (
				929E6D542673FD8700AF1A3F /* PhoneNumberKit */,
			);
			productName = Prospero;
			productReference = 147C94AB2435556B001B6968 /* Prospero.app */;
			productType = "com.apple.product-type.application";
		};
		147C94C02435556F001B6968 /* ProsperoTests */ = {
			isa = PBXNativeTarget;
			buildConfigurationList = 147C94D82435556F001B6968 /* Build configuration list for PBXNativeTarget "ProsperoTests" */;
			buildPhases = (
				147C94BD2435556F001B6968 /* Sources */,
				147C94BE2435556F001B6968 /* Frameworks */,
				147C94BF2435556F001B6968 /* Resources */,
			);
			buildRules = (
			);
			dependencies = (
				147C94C32435556F001B6968 /* PBXTargetDependency */,
			);
			name = ProsperoTests;
			productName = ProsperoTests;
			productReference = 147C94C12435556F001B6968 /* ProsperoTests.xctest */;
			productType = "com.apple.product-type.bundle.unit-test";
		};
		147C94CB2435556F001B6968 /* ProsperoUITests */ = {
			isa = PBXNativeTarget;
			buildConfigurationList = 147C94DB2435556F001B6968 /* Build configuration list for PBXNativeTarget "ProsperoUITests" */;
			buildPhases = (
				147C94C82435556F001B6968 /* Sources */,
				147C94C92435556F001B6968 /* Frameworks */,
				147C94CA2435556F001B6968 /* Resources */,
			);
			buildRules = (
			);
			dependencies = (
				147C94CE2435556F001B6968 /* PBXTargetDependency */,
			);
			name = ProsperoUITests;
			productName = ProsperoUITests;
			productReference = 147C94CC2435556F001B6968 /* ProsperoUITests.xctest */;
			productType = "com.apple.product-type.bundle.ui-testing";
		};
/* End PBXNativeTarget section */

/* Begin PBXProject section */
		147C94A32435556B001B6968 /* Project object */ = {
			isa = PBXProject;
			attributes = {
				LastSwiftUpdateCheck = 1140;
				LastUpgradeCheck = 1300;
				TargetAttributes = {
					147C94AA2435556B001B6968 = {
						CreatedOnToolsVersion = 11.4;
					};
					147C94C02435556F001B6968 = {
						CreatedOnToolsVersion = 11.4;
						TestTargetID = 147C94AA2435556B001B6968;
					};
					147C94CB2435556F001B6968 = {
						CreatedOnToolsVersion = 11.4;
						TestTargetID = 147C94AA2435556B001B6968;
					};
				};
			};
			buildConfigurationList = 147C94A62435556B001B6968 /* Build configuration list for PBXProject "Prospero" */;
			compatibilityVersion = "Xcode 9.3";
			developmentRegion = en;
			hasScannedForEncodings = 0;
			knownRegions = (
				en,
				Base,
			);
			mainGroup = 147C94A22435556B001B6968;
			packageReferences = (
				929E6D532673FD8700AF1A3F /* XCRemoteSwiftPackageReference "PhoneNumberKit" */,
			);
			productRefGroup = 147C94AC2435556B001B6968 /* Products */;
			projectDirPath = "";
			projectRoot = "";
			targets = (
				147C94AA2435556B001B6968 /* Prospero */,
				147C94C02435556F001B6968 /* ProsperoTests */,
				147C94CB2435556F001B6968 /* ProsperoUITests */,
			);
		};
/* End PBXProject section */

/* Begin PBXResourcesBuildPhase section */
		147C94A92435556B001B6968 /* Resources */ = {
			isa = PBXResourcesBuildPhase;
			buildActionMask = 2147483647;
			files = (
				14F13CF72435D08C00304366 /* .swiftlint.yml in Resources */,
				147C94B82435556F001B6968 /* Preview Assets.xcassets in Resources */,
				147C94B52435556F001B6968 /* Assets.xcassets in Resources */,
			);
			runOnlyForDeploymentPostprocessing = 0;
		};
		147C94BF2435556F001B6968 /* Resources */ = {
			isa = PBXResourcesBuildPhase;
			buildActionMask = 2147483647;
			files = (
			);
			runOnlyForDeploymentPostprocessing = 0;
		};
		147C94CA2435556F001B6968 /* Resources */ = {
			isa = PBXResourcesBuildPhase;
			buildActionMask = 2147483647;
			files = (
			);
			runOnlyForDeploymentPostprocessing = 0;
		};
/* End PBXResourcesBuildPhase section */

/* Begin PBXShellScriptBuildPhase section */
		14F13CF52435CF1800304366 /* Lint */ = {
			isa = PBXShellScriptBuildPhase;
			buildActionMask = 2147483647;
			files = (
			);
			inputFileListPaths = (
			);
			inputPaths = (
			);
			name = Lint;
			outputFileListPaths = (
			);
			outputPaths = (
			);
			runOnlyForDeploymentPostprocessing = 0;
			shellPath = /bin/sh;
			shellScript = "if which swiftlint >/dev/null; then\n  swiftlint\nelse\n  echo \"warning: SwiftLint not installed. Download from https://github.com/realm/SwiftLint.\"\nfi\n";
		};
/* End PBXShellScriptBuildPhase section */

/* Begin PBXSourcesBuildPhase section */
		147C94A72435556B001B6968 /* Sources */ = {
			isa = PBXSourcesBuildPhase;
			buildActionMask = 2147483647;
			files = (
				925EE00526865D370079750F /* AddProductionView.swift in Sources */,
				923DB87E2544FE57009FB5E0 /* Models.swift in Sources */,
				9230311F276A912C00232FC4 /* TimeInterval+converted.swift in Sources */,
				925248452672C94E00E2AD00 /* Task+sleep.swift in Sources */,
				923DB8B5254505ED009FB5E0 /* AnyTransition+horizontalProgression.swift in Sources */,
				923DB8972545029E009FB5E0 /* ProsperoApp.swift in Sources */,
				923DB8C025450A50009FB5E0 /* RootView.swift in Sources */,
				923DB8AC2545031B009FB5E0 /* Shake.swift in Sources */,
				923DB8C525450B08009FB5E0 /* AppConfiguration.swift in Sources */,
				140E532124359049007936B7 /* NewProductionModalView.swift in Sources */,
				923DB8762544FDA0009FB5E0 /* CodeField.swift in Sources */,
				920D7DB02684F6B800DDB56E /* TwoFactorView.swift in Sources */,
				923DB8862544FEE9009FB5E0 /* MockServer.swift in Sources */,
				925EE003268622E10079750F /* ProsperoNotificationCenterDelegate.swift in Sources */,
				923DB8D6254529D4009FB5E0 /* NotBindingPrefix.swift in Sources */,
				92AB88D12689FFB3007FB9BA /* View+neverTruncated().swift in Sources */,
				147C94B32435556B001B6968 /* ProductionListView.swift in Sources */,
				147C94E724355C75001B6968 /* ProductionView.swift in Sources */,
				923DB8A6254502FD009FB5E0 /* MemberConfirmationView.swift in Sources */,
				923DB89C254502C3009FB5E0 /* OnboardingView.swift in Sources */,
				92AB88D3268A0079007FB9BA /* String+nonBreaking.swift in Sources */,
				923AE4F02545D2BD00AFDB01 /* String+isValidEmailAddress.swift in Sources */,
				923DB8A1254502D8009FB5E0 /* ProductionCodeEntryView.swift in Sources */,
			);
			runOnlyForDeploymentPostprocessing = 0;
		};
		147C94BD2435556F001B6968 /* Sources */ = {
			isa = PBXSourcesBuildPhase;
			buildActionMask = 2147483647;
			files = (
				147C94C62435556F001B6968 /* ProsperoTests.swift in Sources */,
			);
			runOnlyForDeploymentPostprocessing = 0;
		};
		147C94C82435556F001B6968 /* Sources */ = {
			isa = PBXSourcesBuildPhase;
			buildActionMask = 2147483647;
			files = (
				147C94D12435556F001B6968 /* ProsperoUITests.swift in Sources */,
			);
			runOnlyForDeploymentPostprocessing = 0;
		};
/* End PBXSourcesBuildPhase section */

/* Begin PBXTargetDependency section */
		147C94C32435556F001B6968 /* PBXTargetDependency */ = {
			isa = PBXTargetDependency;
			target = 147C94AA2435556B001B6968 /* Prospero */;
			targetProxy = 147C94C22435556F001B6968 /* PBXContainerItemProxy */;
		};
		147C94CE2435556F001B6968 /* PBXTargetDependency */ = {
			isa = PBXTargetDependency;
			target = 147C94AA2435556B001B6968 /* Prospero */;
			targetProxy = 147C94CD2435556F001B6968 /* PBXContainerItemProxy */;
		};
/* End PBXTargetDependency section */

/* Begin XCBuildConfiguration section */
		147C94D32435556F001B6968 /* Debug */ = {
			isa = XCBuildConfiguration;
			buildSettings = {
				ALWAYS_SEARCH_USER_PATHS = NO;
				ASSETCATALOG_COMPILER_GLOBAL_ACCENT_COLOR_NAME = AccentColor;
				CLANG_ANALYZER_NONNULL = YES;
				CLANG_ANALYZER_NUMBER_OBJECT_CONVERSION = YES_AGGRESSIVE;
				CLANG_CXX_LANGUAGE_STANDARD = "gnu++14";
				CLANG_CXX_LIBRARY = "libc++";
				CLANG_ENABLE_MODULES = YES;
				CLANG_ENABLE_OBJC_ARC = YES;
				CLANG_ENABLE_OBJC_WEAK = YES;
				CLANG_WARN_BLOCK_CAPTURE_AUTORELEASING = YES;
				CLANG_WARN_BOOL_CONVERSION = YES;
				CLANG_WARN_COMMA = YES;
				CLANG_WARN_CONSTANT_CONVERSION = YES;
				CLANG_WARN_DEPRECATED_OBJC_IMPLEMENTATIONS = YES;
				CLANG_WARN_DIRECT_OBJC_ISA_USAGE = YES_ERROR;
				CLANG_WARN_DOCUMENTATION_COMMENTS = YES;
				CLANG_WARN_EMPTY_BODY = YES;
				CLANG_WARN_ENUM_CONVERSION = YES;
				CLANG_WARN_INFINITE_RECURSION = YES;
				CLANG_WARN_INT_CONVERSION = YES;
				CLANG_WARN_NON_LITERAL_NULL_CONVERSION = YES;
				CLANG_WARN_OBJC_IMPLICIT_RETAIN_SELF = YES;
				CLANG_WARN_OBJC_LITERAL_CONVERSION = YES;
				CLANG_WARN_OBJC_ROOT_CLASS = YES_ERROR;
				CLANG_WARN_QUOTED_INCLUDE_IN_FRAMEWORK_HEADER = YES;
				CLANG_WARN_RANGE_LOOP_ANALYSIS = YES;
				CLANG_WARN_STRICT_PROTOTYPES = YES;
				CLANG_WARN_SUSPICIOUS_MOVE = YES;
				CLANG_WARN_UNGUARDED_AVAILABILITY = YES_AGGRESSIVE;
				CLANG_WARN_UNREACHABLE_CODE = YES;
				CLANG_WARN__DUPLICATE_METHOD_MATCH = YES;
				COPY_PHASE_STRIP = NO;
				DEBUG_INFORMATION_FORMAT = dwarf;
				ENABLE_STRICT_OBJC_MSGSEND = YES;
				ENABLE_TESTABILITY = YES;
				GCC_C_LANGUAGE_STANDARD = gnu11;
				GCC_DYNAMIC_NO_PIC = NO;
				GCC_NO_COMMON_BLOCKS = YES;
				GCC_OPTIMIZATION_LEVEL = 0;
				GCC_PREPROCESSOR_DEFINITIONS = (
					"DEBUG=1",
					"$(inherited)",
				);
				GCC_WARN_64_TO_32_BIT_CONVERSION = YES;
				GCC_WARN_ABOUT_RETURN_TYPE = YES_ERROR;
				GCC_WARN_UNDECLARED_SELECTOR = YES;
				GCC_WARN_UNINITIALIZED_AUTOS = YES_AGGRESSIVE;
				GCC_WARN_UNUSED_FUNCTION = YES;
				GCC_WARN_UNUSED_VARIABLE = YES;
				IPHONEOS_DEPLOYMENT_TARGET = 15.0;
				MTL_ENABLE_DEBUG_INFO = INCLUDE_SOURCE;
				MTL_FAST_MATH = YES;
				ONLY_ACTIVE_ARCH = YES;
				SDKROOT = iphoneos;
				SWIFT_ACTIVE_COMPILATION_CONDITIONS = DEBUG;
				SWIFT_OPTIMIZATION_LEVEL = "-Onone";
			};
			name = Debug;
		};
		147C94D42435556F001B6968 /* Release */ = {
			isa = XCBuildConfiguration;
			buildSettings = {
				ALWAYS_SEARCH_USER_PATHS = NO;
				ASSETCATALOG_COMPILER_GLOBAL_ACCENT_COLOR_NAME = AccentColor;
				CLANG_ANALYZER_NONNULL = YES;
				CLANG_ANALYZER_NUMBER_OBJECT_CONVERSION = YES_AGGRESSIVE;
				CLANG_CXX_LANGUAGE_STANDARD = "gnu++14";
				CLANG_CXX_LIBRARY = "libc++";
				CLANG_ENABLE_MODULES = YES;
				CLANG_ENABLE_OBJC_ARC = YES;
				CLANG_ENABLE_OBJC_WEAK = YES;
				CLANG_WARN_BLOCK_CAPTURE_AUTORELEASING = YES;
				CLANG_WARN_BOOL_CONVERSION = YES;
				CLANG_WARN_COMMA = YES;
				CLANG_WARN_CONSTANT_CONVERSION = YES;
				CLANG_WARN_DEPRECATED_OBJC_IMPLEMENTATIONS = YES;
				CLANG_WARN_DIRECT_OBJC_ISA_USAGE = YES_ERROR;
				CLANG_WARN_DOCUMENTATION_COMMENTS = YES;
				CLANG_WARN_EMPTY_BODY = YES;
				CLANG_WARN_ENUM_CONVERSION = YES;
				CLANG_WARN_INFINITE_RECURSION = YES;
				CLANG_WARN_INT_CONVERSION = YES;
				CLANG_WARN_NON_LITERAL_NULL_CONVERSION = YES;
				CLANG_WARN_OBJC_IMPLICIT_RETAIN_SELF = YES;
				CLANG_WARN_OBJC_LITERAL_CONVERSION = YES;
				CLANG_WARN_OBJC_ROOT_CLASS = YES_ERROR;
				CLANG_WARN_QUOTED_INCLUDE_IN_FRAMEWORK_HEADER = YES;
				CLANG_WARN_RANGE_LOOP_ANALYSIS = YES;
				CLANG_WARN_STRICT_PROTOTYPES = YES;
				CLANG_WARN_SUSPICIOUS_MOVE = YES;
				CLANG_WARN_UNGUARDED_AVAILABILITY = YES_AGGRESSIVE;
				CLANG_WARN_UNREACHABLE_CODE = YES;
				CLANG_WARN__DUPLICATE_METHOD_MATCH = YES;
				COPY_PHASE_STRIP = NO;
				DEBUG_INFORMATION_FORMAT = "dwarf-with-dsym";
				ENABLE_NS_ASSERTIONS = NO;
				ENABLE_STRICT_OBJC_MSGSEND = YES;
				GCC_C_LANGUAGE_STANDARD = gnu11;
				GCC_NO_COMMON_BLOCKS = YES;
				GCC_WARN_64_TO_32_BIT_CONVERSION = YES;
				GCC_WARN_ABOUT_RETURN_TYPE = YES_ERROR;
				GCC_WARN_UNDECLARED_SELECTOR = YES;
				GCC_WARN_UNINITIALIZED_AUTOS = YES_AGGRESSIVE;
				GCC_WARN_UNUSED_FUNCTION = YES;
				GCC_WARN_UNUSED_VARIABLE = YES;
				IPHONEOS_DEPLOYMENT_TARGET = 15.0;
				MTL_ENABLE_DEBUG_INFO = NO;
				MTL_FAST_MATH = YES;
				SDKROOT = iphoneos;
				SWIFT_COMPILATION_MODE = wholemodule;
				SWIFT_OPTIMIZATION_LEVEL = "-O";
				VALIDATE_PRODUCT = YES;
			};
			name = Release;
		};
		147C94D62435556F001B6968 /* Debug */ = {
			isa = XCBuildConfiguration;
			buildSettings = {
				ASSETCATALOG_COMPILER_APPICON_NAME = AppIcon;
				CODE_SIGN_STYLE = Automatic;
				DEVELOPMENT_ASSET_PATHS = "\"Prospero/Preview Content\"";
				DEVELOPMENT_TEAM = L5HXPF2368;
				ENABLE_PREVIEWS = YES;
				INFOPLIST_FILE = Prospero/Info.plist;
				LD_RUNPATH_SEARCH_PATHS = (
					"$(inherited)",
					"@executable_path/Frameworks",
				);
				PRODUCT_BUNDLE_IDENTIFIER = io.palumbo.Prospero;
				PRODUCT_NAME = "$(TARGET_NAME)";
				SWIFT_VERSION = 5.0;
				TARGETED_DEVICE_FAMILY = "1,2";
			};
			name = Debug;
		};
		147C94D72435556F001B6968 /* Release */ = {
			isa = XCBuildConfiguration;
			buildSettings = {
				ASSETCATALOG_COMPILER_APPICON_NAME = AppIcon;
				CODE_SIGN_STYLE = Automatic;
				DEVELOPMENT_ASSET_PATHS = "\"Prospero/Preview Content\"";
				DEVELOPMENT_TEAM = L5HXPF2368;
				ENABLE_PREVIEWS = YES;
				INFOPLIST_FILE = Prospero/Info.plist;
				LD_RUNPATH_SEARCH_PATHS = (
					"$(inherited)",
					"@executable_path/Frameworks",
				);
				PRODUCT_BUNDLE_IDENTIFIER = io.palumbo.Prospero;
				PRODUCT_NAME = "$(TARGET_NAME)";
				SWIFT_VERSION = 5.0;
				TARGETED_DEVICE_FAMILY = "1,2";
			};
			name = Release;
		};
		147C94D92435556F001B6968 /* Debug */ = {
			isa = XCBuildConfiguration;
			buildSettings = {
				ALWAYS_EMBED_SWIFT_STANDARD_LIBRARIES = YES;
				BUNDLE_LOADER = "$(TEST_HOST)";
				CODE_SIGN_STYLE = Automatic;
				INFOPLIST_FILE = ProsperoTests/Info.plist;
				IPHONEOS_DEPLOYMENT_TARGET = 13.4;
				LD_RUNPATH_SEARCH_PATHS = (
					"$(inherited)",
					"@executable_path/Frameworks",
					"@loader_path/Frameworks",
				);
				PRODUCT_BUNDLE_IDENTIFIER = com.prospero.ProsperoTests;
				PRODUCT_NAME = "$(TARGET_NAME)";
				SWIFT_VERSION = 5.0;
				TARGETED_DEVICE_FAMILY = "1,2";
				TEST_HOST = "$(BUILT_PRODUCTS_DIR)/Prospero.app/Prospero";
			};
			name = Debug;
		};
		147C94DA2435556F001B6968 /* Release */ = {
			isa = XCBuildConfiguration;
			buildSettings = {
				ALWAYS_EMBED_SWIFT_STANDARD_LIBRARIES = YES;
				BUNDLE_LOADER = "$(TEST_HOST)";
				CODE_SIGN_STYLE = Automatic;
				INFOPLIST_FILE = ProsperoTests/Info.plist;
				IPHONEOS_DEPLOYMENT_TARGET = 13.4;
				LD_RUNPATH_SEARCH_PATHS = (
					"$(inherited)",
					"@executable_path/Frameworks",
					"@loader_path/Frameworks",
				);
				PRODUCT_BUNDLE_IDENTIFIER = com.prospero.ProsperoTests;
				PRODUCT_NAME = "$(TARGET_NAME)";
				SWIFT_VERSION = 5.0;
				TARGETED_DEVICE_FAMILY = "1,2";
				TEST_HOST = "$(BUILT_PRODUCTS_DIR)/Prospero.app/Prospero";
			};
			name = Release;
		};
		147C94DC2435556F001B6968 /* Debug */ = {
			isa = XCBuildConfiguration;
			buildSettings = {
				ALWAYS_EMBED_SWIFT_STANDARD_LIBRARIES = YES;
				CODE_SIGN_STYLE = Automatic;
				INFOPLIST_FILE = ProsperoUITests/Info.plist;
				LD_RUNPATH_SEARCH_PATHS = (
					"$(inherited)",
					"@executable_path/Frameworks",
					"@loader_path/Frameworks",
				);
				PRODUCT_BUNDLE_IDENTIFIER = com.prospero.ProsperoUITests;
				PRODUCT_NAME = "$(TARGET_NAME)";
				SWIFT_VERSION = 5.0;
				TARGETED_DEVICE_FAMILY = "1,2";
				TEST_TARGET_NAME = Prospero;
			};
			name = Debug;
		};
		147C94DD2435556F001B6968 /* Release */ = {
			isa = XCBuildConfiguration;
			buildSettings = {
				ALWAYS_EMBED_SWIFT_STANDARD_LIBRARIES = YES;
				CODE_SIGN_STYLE = Automatic;
				INFOPLIST_FILE = ProsperoUITests/Info.plist;
				LD_RUNPATH_SEARCH_PATHS = (
					"$(inherited)",
					"@executable_path/Frameworks",
					"@loader_path/Frameworks",
				);
				PRODUCT_BUNDLE_IDENTIFIER = com.prospero.ProsperoUITests;
				PRODUCT_NAME = "$(TARGET_NAME)";
				SWIFT_VERSION = 5.0;
				TARGETED_DEVICE_FAMILY = "1,2";
				TEST_TARGET_NAME = Prospero;
			};
			name = Release;
		};
/* End XCBuildConfiguration section */

/* Begin XCConfigurationList section */
		147C94A62435556B001B6968 /* Build configuration list for PBXProject "Prospero" */ = {
			isa = XCConfigurationList;
			buildConfigurations = (
				147C94D32435556F001B6968 /* Debug */,
				147C94D42435556F001B6968 /* Release */,
			);
			defaultConfigurationIsVisible = 0;
			defaultConfigurationName = Release;
		};
		147C94D52435556F001B6968 /* Build configuration list for PBXNativeTarget "Prospero" */ = {
			isa = XCConfigurationList;
			buildConfigurations = (
				147C94D62435556F001B6968 /* Debug */,
				147C94D72435556F001B6968 /* Release */,
			);
			defaultConfigurationIsVisible = 0;
			defaultConfigurationName = Release;
		};
		147C94D82435556F001B6968 /* Build configuration list for PBXNativeTarget "ProsperoTests" */ = {
			isa = XCConfigurationList;
			buildConfigurations = (
				147C94D92435556F001B6968 /* Debug */,
				147C94DA2435556F001B6968 /* Release */,
			);
			defaultConfigurationIsVisible = 0;
			defaultConfigurationName = Release;
		};
		147C94DB2435556F001B6968 /* Build configuration list for PBXNativeTarget "ProsperoUITests" */ = {
			isa = XCConfigurationList;
			buildConfigurations = (
				147C94DC2435556F001B6968 /* Debug */,
				147C94DD2435556F001B6968 /* Release */,
			);
			defaultConfigurationIsVisible = 0;
			defaultConfigurationName = Release;
		};
/* End XCConfigurationList section */

/* Begin XCRemoteSwiftPackageReference section */
		929E6D532673FD8700AF1A3F /* XCRemoteSwiftPackageReference "PhoneNumberKit" */ = {
			isa = XCRemoteSwiftPackageReference;
			repositoryURL = "https://github.com/marmelroy/PhoneNumberKit.git";
			requirement = {
				kind = upToNextMajorVersion;
				minimumVersion = 3.3.3;
			};
		};
/* End XCRemoteSwiftPackageReference section */

/* Begin XCSwiftPackageProductDependency section */
		929E6D542673FD8700AF1A3F /* PhoneNumberKit */ = {
			isa = XCSwiftPackageProductDependency;
			package = 929E6D532673FD8700AF1A3F /* XCRemoteSwiftPackageReference "PhoneNumberKit" */;
			productName = PhoneNumberKit;
		};
/* End XCSwiftPackageProductDependency section */
	};
	rootObject = 147C94A32435556B001B6968 /* Project object */;
}
